
Microsoft Visual Studio Solution File, Format Version 12.00
# Visual Studio Version 17
VisualStudioVersion = 17.6.33829.357
MinimumVisualStudioVersion = 10.0.40219.1
Project("{9A19103F-16F7-4668-BE54-9A1E7A4F7556}") = "Kitchen.General", "Kitchen.General\Kitchen.General.csproj", "{D6E9F1A1-20F8-416E-892D-2E1B71E52A1D}"
EndProject
Project("{9A19103F-16F7-4668-BE54-9A1E7A4F7556}") = "Kitchen.Context.Contracts", "Kitchen.Context.Contracts\Kitchen.Context.Contracts.csproj", "{5E7ED3F2-7BAD-4BF6-BF80-EC875E6B5A4A}"
EndProject
Project("{9A19103F-16F7-4668-BE54-9A1E7A4F7556}") = "Kitchen.Context", "Kitchen.Context\Kitchen.Context.csproj", "{8D779990-B33B-4E04-A958-ED929E65233D}"
EndProject
Project("{9A19103F-16F7-4668-BE54-9A1E7A4F7556}") = "Kitchen.Common.Entity", "Kitchen.Common.Entity\Kitchen.Common.Entity.csproj", "{ED880188-D8A3-4FC3-AC91-42781B01EC3E}"
EndProject
Project("{9A19103F-16F7-4668-BE54-9A1E7A4F7556}") = "Kitchen.Repositories.Contracts", "Kitchen.Repositories.Contracts\Kitchen.Repositories.Contracts.csproj", "{37A74DB2-1853-49C1-9F0B-66FBDE7CEEDF}"
EndProject
Project("{9A19103F-16F7-4668-BE54-9A1E7A4F7556}") = "Kitchen.Repositories", "Kitchen.Repositories\Kitchen.Repositories.csproj", "{BD9C207F-9615-4A2F-B884-FF3C65468723}"
EndProject
Project("{9A19103F-16F7-4668-BE54-9A1E7A4F7556}") = "Kitchen.Services.Contracts", "Kitchen.Services.Contracts\Kitchen.Services.Contracts.csproj", "{309FFDA6-04DB-4902-A327-B0E4007DDFB6}"
EndProject
Project("{9A19103F-16F7-4668-BE54-9A1E7A4F7556}") = "Kitchen.Services", "Kitchen.Services\Kitchen.Services.csproj", "{3F6BEA1A-70EC-43E6-9534-EF8181F726D4}"
EndProject
Project("{9A19103F-16F7-4668-BE54-9A1E7A4F7556}") = "Kitchen.API", "Kitchen.API\Kitchen.API.csproj", "{52B8A06E-358A-4B25-8CA0-4F7D37C7AF13}"
EndProject
Project("{FAE04EC0-301F-11D3-BF4B-00C04F79EFBC}") = "Kitchen.Context.Configuration", "Kitchen.Context.Configuration\Kitchen.Context.Configuration.csproj", "{E7B9AC23-BB40-4CDD-980E-CE3F1203B03B}"
EndProject
Global
	GlobalSection(SolutionConfigurationPlatforms) = preSolution
		Debug|Any CPU = Debug|Any CPU
		Release|Any CPU = Release|Any CPU
	EndGlobalSection
	GlobalSection(ProjectConfigurationPlatforms) = postSolution
		{D6E9F1A1-20F8-416E-892D-2E1B71E52A1D}.Debug|Any CPU.ActiveCfg = Debug|Any CPU
		{D6E9F1A1-20F8-416E-892D-2E1B71E52A1D}.Debug|Any CPU.Build.0 = Debug|Any CPU
		{D6E9F1A1-20F8-416E-892D-2E1B71E52A1D}.Release|Any CPU.ActiveCfg = Release|Any CPU
		{D6E9F1A1-20F8-416E-892D-2E1B71E52A1D}.Release|Any CPU.Build.0 = Release|Any CPU
		{5E7ED3F2-7BAD-4BF6-BF80-EC875E6B5A4A}.Debug|Any CPU.ActiveCfg = Debug|Any CPU
		{5E7ED3F2-7BAD-4BF6-BF80-EC875E6B5A4A}.Debug|Any CPU.Build.0 = Debug|Any CPU
		{5E7ED3F2-7BAD-4BF6-BF80-EC875E6B5A4A}.Release|Any CPU.ActiveCfg = Release|Any CPU
		{5E7ED3F2-7BAD-4BF6-BF80-EC875E6B5A4A}.Release|Any CPU.Build.0 = Release|Any CPU
		{8D779990-B33B-4E04-A958-ED929E65233D}.Debug|Any CPU.ActiveCfg = Debug|Any CPU
		{8D779990-B33B-4E04-A958-ED929E65233D}.Debug|Any CPU.Build.0 = Debug|Any CPU
		{8D779990-B33B-4E04-A958-ED929E65233D}.Release|Any CPU.ActiveCfg = Release|Any CPU
		{8D779990-B33B-4E04-A958-ED929E65233D}.Release|Any CPU.Build.0 = Release|Any CPU
		{ED880188-D8A3-4FC3-AC91-42781B01EC3E}.Debug|Any CPU.ActiveCfg = Debug|Any CPU
		{ED880188-D8A3-4FC3-AC91-42781B01EC3E}.Debug|Any CPU.Build.0 = Debug|Any CPU
		{ED880188-D8A3-4FC3-AC91-42781B01EC3E}.Release|Any CPU.ActiveCfg = Release|Any CPU
		{ED880188-D8A3-4FC3-AC91-42781B01EC3E}.Release|Any CPU.Build.0 = Release|Any CPU
		{37A74DB2-1853-49C1-9F0B-66FBDE7CEEDF}.Debug|Any CPU.ActiveCfg = Debug|Any CPU
		{37A74DB2-1853-49C1-9F0B-66FBDE7CEEDF}.Debug|Any CPU.Build.0 = Debug|Any CPU
		{37A74DB2-1853-49C1-9F0B-66FBDE7CEEDF}.Release|Any CPU.ActiveCfg = Release|Any CPU
		{37A74DB2-1853-49C1-9F0B-66FBDE7CEEDF}.Release|Any CPU.Build.0 = Release|Any CPU
		{BD9C207F-9615-4A2F-B884-FF3C65468723}.Debug|Any CPU.ActiveCfg = Debug|Any CPU
		{BD9C207F-9615-4A2F-B884-FF3C65468723}.Debug|Any CPU.Build.0 = Debug|Any CPU
		{BD9C207F-9615-4A2F-B884-FF3C65468723}.Release|Any CPU.ActiveCfg = Release|Any CPU
		{BD9C207F-9615-4A2F-B884-FF3C65468723}.Release|Any CPU.Build.0 = Release|Any CPU
		{309FFDA6-04DB-4902-A327-B0E4007DDFB6}.Debug|Any CPU.ActiveCfg = Debug|Any CPU
		{309FFDA6-04DB-4902-A327-B0E4007DDFB6}.Debug|Any CPU.Build.0 = Debug|Any CPU
		{309FFDA6-04DB-4902-A327-B0E4007DDFB6}.Release|Any CPU.ActiveCfg = Release|Any CPU
		{309FFDA6-04DB-4902-A327-B0E4007DDFB6}.Release|Any CPU.Build.0 = Release|Any CPU
		{3F6BEA1A-70EC-43E6-9534-EF8181F726D4}.Debug|Any CPU.ActiveCfg = Debug|Any CPU
		{3F6BEA1A-70EC-43E6-9534-EF8181F726D4}.Debug|Any CPU.Build.0 = Debug|Any CPU
		{3F6BEA1A-70EC-43E6-9534-EF8181F726D4}.Release|Any CPU.ActiveCfg = Release|Any CPU
		{3F6BEA1A-70EC-43E6-9534-EF8181F726D4}.Release|Any CPU.Build.0 = Release|Any CPU
		{52B8A06E-358A-4B25-8CA0-4F7D37C7AF13}.Debug|Any CPU.ActiveCfg = Debug|Any CPU
		{52B8A06E-358A-4B25-8CA0-4F7D37C7AF13}.Debug|Any CPU.Build.0 = Debug|Any CPU
		{52B8A06E-358A-4B25-8CA0-4F7D37C7AF13}.Release|Any CPU.ActiveCfg = Release|Any CPU
		{52B8A06E-358A-4B25-8CA0-4F7D37C7AF13}.Release|Any CPU.Build.0 = Release|Any CPU
		{E7B9AC23-BB40-4CDD-980E-CE3F1203B03B}.Debug|Any CPU.ActiveCfg = Debug|Any CPU
		{E7B9AC23-BB40-4CDD-980E-CE3F1203B03B}.Debug|Any CPU.Build.0 = Debug|Any CPU
		{E7B9AC23-BB40-4CDD-980E-CE3F1203B03B}.Release|Any CPU.ActiveCfg = Release|Any CPU
		{E7B9AC23-BB40-4CDD-980E-CE3F1203B03B}.Release|Any CPU.Build.0 = Release|Any CPU
	EndGlobalSection
	GlobalSection(SolutionProperties) = preSolution
		HideSolutionNode = FALSE
	EndGlobalSection
	GlobalSection(ExtensibilityGlobals) = postSolution
		SolutionGuid = {F5262F20-089C-4C3E-A22B-2C6F35452824}
	EndGlobalSection
EndGlobal
